
Microsoft Visual Studio Solution File, Format Version 12.00
# Visual Studio Version 16
VisualStudioVersion = 16.0.32228.343
MinimumVisualStudioVersion = 10.0.40219.1
Project("{FAE04EC0-301F-11D3-BF4B-00C04F79EFBC}") = "EasyDeploy", "EasyDeploy\EasyDeploy.csproj", "{3683D97C-477C-47B0-ACCD-A038D5CE1104}"
EndProject
Global
	GlobalSection(SolutionConfigurationPlatforms) = preSolution
		Debug|Any CPU = Debug|Any CPU
		Release|Any CPU = Release|Any CPU
	EndGlobalSection
	GlobalSection(ProjectConfigurationPlatforms) = postSolution
		{3683D97C-477C-47B0-ACCD-A038D5CE1104}.Debug|Any CPU.ActiveCfg = Debug|Any CPU
		{3683D97C-477C-47B0-ACCD-A038D5CE1104}.Debug|Any CPU.Build.0 = Debug|Any CPU
		{3683D97C-477C-47B0-ACCD-A038D5CE1104}.Release|Any CPU.ActiveCfg = Release|Any CPU
		{3683D97C-477C-47B0-ACCD-A038D5CE1104}.Release|Any CPU.Build.0 = Release|Any CPU
	EndGlobalSection
	GlobalSection(SolutionProperties) = preSolution
		HideSolutionNode = FALSE
	EndGlobalSection
	GlobalSection(ExtensibilityGlobals) = postSolution
		SolutionGuid = {124DE742-F1EF-4BF5-87C8-922EC8D41BDB}
	EndGlobalSection
EndGlobal
